
Microsoft Visual Studio Solution File, Format Version 12.00
# Visual Studio Version 17
VisualStudioVersion = 17.1.32319.34
MinimumVisualStudioVersion = 10.0.40219.1
Project("{FAE04EC0-301F-11D3-BF4B-00C04F79EFBC}") = "Soru_1", "Soru_1\Soru_1.csproj", "{27D9FEB3-F4D2-49F8-8AE3-4FBF6C91538F}"
EndProject
Global
	GlobalSection(SolutionConfigurationPlatforms) = preSolution
		Debug|Any CPU = Debug|Any CPU
		Release|Any CPU = Release|Any CPU
	EndGlobalSection
	GlobalSection(ProjectConfigurationPlatforms) = postSolution
		{27D9FEB3-F4D2-49F8-8AE3-4FBF6C91538F}.Debug|Any CPU.ActiveCfg = Debug|Any CPU
		{27D9FEB3-F4D2-49F8-8AE3-4FBF6C91538F}.Debug|Any CPU.Build.0 = Debug|Any CPU
		{27D9FEB3-F4D2-49F8-8AE3-4FBF6C91538F}.Release|Any CPU.ActiveCfg = Release|Any CPU
		{27D9FEB3-F4D2-49F8-8AE3-4FBF6C91538F}.Release|Any CPU.Build.0 = Release|Any CPU
	EndGlobalSection
	GlobalSection(SolutionProperties) = preSolution
		HideSolutionNode = FALSE
	EndGlobalSection
	GlobalSection(ExtensibilityGlobals) = postSolution
		SolutionGuid = {BA660313-30DB-42B9-BDB4-E56B3BED6EFA}
	EndGlobalSection
EndGlobal
